// !$*UTF8*$!
{
	archiveVersion = 1;
	classes = {
	};
	objectVersion = 46;
	objects = {

/* Begin PBXBuildFile section */
		8A71BFEB1D9B0B63000BE200 /* AppDelegate.swift in Sources */ = {isa = PBXBuildFile; fileRef = 8A71BFEA1D9B0B63000BE200 /* AppDelegate.swift */; };
		8A71BFED1D9B0B63000BE200 /* ReceivingVC.swift in Sources */ = {isa = PBXBuildFile; fileRef = 8A71BFEC1D9B0B63000BE200 /* ReceivingVC.swift */; };
		8A71BFF01D9B0B63000BE200 /* Main.storyboard in Resources */ = {isa = PBXBuildFile; fileRef = 8A71BFEE1D9B0B63000BE200 /* Main.storyboard */; };
		8A71BFF21D9B0B63000BE200 /* Assets.xcassets in Resources */ = {isa = PBXBuildFile; fileRef = 8A71BFF11D9B0B63000BE200 /* Assets.xcassets */; };
		8A71BFF51D9B0B63000BE200 /* LaunchScreen.storyboard in Resources */ = {isa = PBXBuildFile; fileRef = 8A71BFF31D9B0B63000BE200 /* LaunchScreen.storyboard */; };
		8A71BFFD1D9B0CE0000BE200 /* SendingViewController.swift in Sources */ = {isa = PBXBuildFile; fileRef = 8A71BFFC1D9B0CE0000BE200 /* SendingViewController.swift */; };
/* End PBXBuildFile section */

/* Begin PBXFileReference section */
		8A71BFE71D9B0B63000BE200 /* PassingDataWithDelegates.app */ = {isa = PBXFileReference; explicitFileType = wrapper.application; includeInIndex = 0; path = PassingDataWithDelegates.app; sourceTree = BUILT_PRODUCTS_DIR; };
		8A71BFEA1D9B0B63000BE200 /* AppDelegate.swift */ = {isa = PBXFileReference; lastKnownFileType = sourcecode.swift; path = AppDelegate.swift; sourceTree = "<group>"; };
		8A71BFEC1D9B0B63000BE200 /* ReceivingVC.swift */ = {isa = PBXFileReference; lastKnownFileType = sourcecode.swift; path = ReceivingVC.swift; sourceTree = "<group>"; };
		8A71BFEF1D9B0B63000BE200 /* Base */ = {isa = PBXFileReference; lastKnownFileType = file.storyboard; name = Base; path = Base.lproj/Main.storyboard; sourceTree = "<group>"; };
		8A71BFF11D9B0B63000BE200 /* Assets.xcassets */ = {isa = PBXFileReference; lastKnownFileType = folder.assetcatalog; path = Assets.xcassets; sourceTree = "<group>"; };
		8A71BFF41D9B0B63000BE200 /* Base */ = {isa = PBXFileReference; lastKnownFileType = file.storyboard; name = Base; path = Base.lproj/LaunchScreen.storyboard; sourceTree = "<group>"; };
		8A71BFF61D9B0B63000BE200 /* Info.plist */ = {isa = PBXFileReference; lastKnownFileType = text.plist.xml; path = Info.plist; sourceTree = "<group>"; };
		8A71BFFC1D9B0CE0000BE200 /* SendingViewController.swift */ = {isa = PBXFileReference; fileEncoding = 4; lastKnownFileType = sourcecode.swift; path = SendingViewController.swift; sourceTree = "<group>"; };
/* End PBXFileReference section */

/* Begin PBXFrameworksBuildPhase section */
		8A71BFE41D9B0B63000BE200 /* Frameworks */ = {
			isa = PBXFrameworksBuildPhase;
			buildActionMask = 2147483647;
			files = (
			);
			runOnlyForDeploymentPostprocessing = 0;
		};
/* End PBXFrameworksBuildPhase section */

/* Begin PBXGroup section */
		8A71BFDE1D9B0B63000BE200 = {
			isa = PBXGroup;
			children = (
				8A71BFE91D9B0B63000BE200 /* PassingDataWithDelegates */,
				8A71BFE81D9B0B63000BE200 /* Products */,
			);
			sourceTree = "<group>";
		};
		8A71BFE81D9B0B63000BE200 /* Products */ = {
			isa = PBXGroup;
			children = (
				8A71BFE71D9B0B63000BE200 /* PassingDataWithDelegates.app */,
			);
			name = Products;
			sourceTree = "<group>";
		};
		8A71BFE91D9B0B63000BE200 /* PassingDataWithDelegates */ = {
			isa = PBXGroup;
			children = (
				8A71BFEA1D9B0B63000BE200 /* AppDelegate.swift */,
				8A71BFEC1D9B0B63000BE200 /* ReceivingVC.swift */,
				8A71BFFC1D9B0CE0000BE200 /* SendingViewController.swift */,
				8A71BFEE1D9B0B63000BE200 /* Main.storyboard */,
				8A71BFF11D9B0B63000BE200 /* Assets.xcassets */,
				8A71BFF31D9B0B63000BE200 /* LaunchScreen.storyboard */,
				8A71BFF61D9B0B63000BE200 /* Info.plist */,
			);
			path = PassingDataWithDelegates;
			sourceTree = "<group>";
		};
/* End PBXGroup section */

/* Begin PBXNativeTarget section */
		8A71BFE61D9B0B63000BE200 /* PassingDataWithDelegates */ = {
			isa = PBXNativeTarget;
			buildConfigurationList = 8A71BFF91D9B0B63000BE200 /* Build configuration list for PBXNativeTarget "PassingDataWithDelegates" */;
			buildPhases = (
				8A71BFE31D9B0B63000BE200 /* Sources */,
				8A71BFE41D9B0B63000BE200 /* Frameworks */,
				8A71BFE51D9B0B63000BE200 /* Resources */,
			);
			buildRules = (
			);
			dependencies = (
			);
			name = PassingDataWithDelegates;
			productName = PassingDataWithDelegates;
			productReference = 8A71BFE71D9B0B63000BE200 /* PassingDataWithDelegates.app */;
			productType = "com.apple.product-type.application";
		};
/* End PBXNativeTarget section */

/* Begin PBXProject section */
		8A71BFDF1D9B0B63000BE200 /* Project object */ = {
			isa = PBXProject;
			attributes = {
				LastSwiftUpdateCheck = 0730;
				LastUpgradeCheck = 0730;
				ORGANIZATIONNAME = "Sergey Nevzorov";
				TargetAttributes = {
					8A71BFE61D9B0B63000BE200 = {
						CreatedOnToolsVersion = 7.3.1;
						DevelopmentTeam = FMJWPCW6KK;
					};
				};
			};
			buildConfigurationList = 8A71BFE21D9B0B63000BE200 /* Build configuration list for PBXProject "PassingDataWithDelegates" */;
			compatibilityVersion = "Xcode 3.2";
			developmentRegion = English;
			hasScannedForEncodings = 0;
			knownRegions = (
				en,
				Base,
			);
			mainGroup = 8A71BFDE1D9B0B63000BE200;
			productRefGroup = 8A71BFE81D9B0B63000BE200 /* Products */;
			projectDirPath = "";
			projectRoot = "";
			targets = (
				8A71BFE61D9B0B63000BE200 /* PassingDataWithDelegates */,
			);
		};
/* End PBXProject section */

/* Begin PBXResourcesBuildPhase section */
		8A71BFE51D9B0B63000BE200 /* Resources */ = {
			isa = PBXResourcesBuildPhase;
			buildActionMask = 2147483647;
			files = (
				8A71BFF51D9B0B63000BE200 /* LaunchScreen.storyboard in Resources */,
				8A71BFF21D9B0B63000BE200 /* Assets.xcassets in Resources */,
				8A71BFF01D9B0B63000BE200 /* Main.storyboard in Resources */,
			);
			runOnlyForDeploymentPostprocessing = 0;
		};
/* End PBXResourcesBuildPhase section */

/* Begin PBXSourcesBuildPhase section */
		8A71BFE31D9B0B63000BE200 /* Sources */ = {
			isa = PBXSourcesBuildPhase;
			buildActionMask = 2147483647;
			files = (
				8A71BFED1D9B0B63000BE200 /* ReceivingVC.swift in Sources */,
				8A71BFEB1D9B0B63000BE200 /* AppDelegate.swift in Sources */,
				8A71BFFD1D9B0CE0000BE200 /* SendingViewController.swift in Sources */,
			);
			runOnlyForDeploymentPostprocessing = 0;
		};
/* End PBXSourcesBuildPhase section */

/* Begin PBXVariantGroup section */
		8A71BFEE1D9B0B63000BE200 /* Main.storyboard */ = {
			isa = PBXVariantGroup;
			children = (
				8A71BFEF1D9B0B63000BE200 /* Base */,
			);
			name = Main.storyboard;
			sourceTree = "<group>";
		};
		8A71BFF31D9B0B63000BE200 /* LaunchScreen.storyboard */ = {
			isa = PBXVariantGroup;
			children = (
				8A71BFF41D9B0B63000BE200 /* Base */,
			);
			name = LaunchScreen.storyboard;
			sourceTree = "<group>";
		};
/* End PBXVariantGroup section */

/* Begin XCBuildConfiguration section */
		8A71BFF71D9B0B63000BE200 /* Debug */ = {
			isa = XCBuildConfiguration;
			buildSettings = {
				ALWAYS_SEARCH_USER_PATHS = NO;
				CLANG_ANALYZER_NONNULL = YES;
				CLANG_CXX_LANGUAGE_STANDARD = "gnu++0x";
				CLANG_CXX_LIBRARY = "libc++";
				CLANG_ENABLE_MODULES = YES;
				CLANG_ENABLE_OBJC_ARC = YES;
				CLANG_WARN_BOOL_CONVERSION = YES;
				CLANG_WARN_CONSTANT_CONVERSION = YES;
				CLANG_WARN_DIRECT_OBJC_ISA_USAGE = YES_ERROR;
				CLANG_WARN_EMPTY_BODY = YES;
				CLANG_WARN_ENUM_CONVERSION = YES;
				CLANG_WARN_INT_CONVERSION = YES;
				CLANG_WARN_OBJC_ROOT_CLASS = YES_ERROR;
				CLANG_WARN_UNREACHABLE_CODE = YES;
				CLANG_WARN__DUPLICATE_METHOD_MATCH = YES;
				"CODE_SIGN_IDENTITY[sdk=iphoneos*]" = "iPhone Developer";
				COPY_PHASE_STRIP = NO;
				DEBUG_INFORMATION_FORMAT = dwarf;
				ENABLE_STRICT_OBJC_MSGSEND = YES;
				ENABLE_TESTABILITY = YES;
				GCC_C_LANGUAGE_STANDARD = gnu99;
				GCC_DYNAMIC_NO_PIC = NO;
				GCC_NO_COMMON_BLOCKS = YES;
				GCC_OPTIMIZATION_LEVEL = 0;
				GCC_PREPROCESSOR_DEFINITIONS = (
					"DEBUG=1",
					"$(inherited)",
				);
				GCC_WARN_64_TO_32_BIT_CONVERSION = YES;
				GCC_WARN_ABOUT_RETURN_TYPE = YES_ERROR;
				GCC_WARN_UNDECLARED_SELECTOR = YES;
				GCC_WARN_UNINITIALIZED_AUTOS = YES_AGGRESSIVE;
				GCC_WARN_UNUSED_FUNCTION = YES;
				GCC_WARN_UNUSED_VARIABLE = YES;
				IPHONEOS_DEPLOYMENT_TARGET = 9.3;
				MTL_ENABLE_DEBUG_INFO = YES;
				ONLY_ACTIVE_ARCH = YES;
				SDKROOT = iphoneos;
				SWIFT_OPTIMIZATION_LEVEL = "-Onone";
			};
			name = Debug;
		};
		8A71BFF81D9B0B63000BE200 /* Release */ = {
			isa = XCBuildConfiguration;
			buildSettings = {
				ALWAYS_SEARCH_USER_PATHS = NO;
				CLANG_ANALYZER_NONNULL = YES;
				CLANG_CXX_LANGUAGE_STANDARD = "gnu++0x";
				CLANG_CXX_LIBRARY = "libc++";
				CLANG_ENABLE_MODULES = YES;
				CLANG_ENABLE_OBJC_ARC = YES;
				CLANG_WARN_BOOL_CONVERSION = YES;
				CLANG_WARN_CONSTANT_CONVERSION = YES;
				CLANG_WARN_DIRECT_OBJC_ISA_USAGE = YES_ERROR;
				CLANG_WARN_EMPTY_BODY = YES;
				CLANG_WARN_ENUM_CONVERSION = YES;
				CLANG_WARN_INT_CONVERSION = YES;
				CLANG_WARN_OBJC_ROOT_CLASS = YES_ERROR;
				CLANG_WARN_UNREACHABLE_CODE = YES;
				CLANG_WARN__DUPLICATE_METHOD_MATCH = YES;
				"CODE_SIGN_IDENTITY[sdk=iphoneos*]" = "iPhone Developer";
				COPY_PHASE_STRIP = NO;
				DEBUG_INFORMATION_FORMAT = "dwarf-with-dsym";
				ENABLE_NS_ASSERTIONS = NO;
				ENABLE_STRICT_OBJC_MSGSEND = YES;
				GCC_C_LANGUAGE_STANDARD = gnu99;
				GCC_NO_COMMON_BLOCKS = YES;
				GCC_WARN_64_TO_32_BIT_CONVERSION = YES;
				GCC_WARN_ABOUT_RETURN_TYPE = YES_ERROR;
				GCC_WARN_UNDECLARED_SELECTOR = YES;
				GCC_WARN_UNINITIALIZED_AUTOS = YES_AGGRESSIVE;
				GCC_WARN_UNUSED_FUNCTION = YES;
				GCC_WARN_UNUSED_VARIABLE = YES;
				IPHONEOS_DEPLOYMENT_TARGET = 9.3;
				MTL_ENABLE_DEBUG_INFO = NO;
				SDKROOT = iphoneos;
				VALIDATE_PRODUCT = YES;
			};
			name = Release;
		};
		8A71BFFA1D9B0B63000BE200 /* Debug */ = {
			isa = XCBuildConfiguration;
			buildSettings = {
				ASSETCATALOG_COMPILER_APPICON_NAME = AppIcon;
				INFOPLIST_FILE = PassingDataWithDelegates/Info.plist;
				LD_RUNPATH_SEARCH_PATHS = "$(inherited) @executable_path/Frameworks";
				PRODUCT_BUNDLE_IDENTIFIER = SN.PassingDataWithDelegates;
				PRODUCT_NAME = "$(TARGET_NAME)";
			};
			name = Debug;
		};
		8A71BFFB1D9B0B63000BE200 /* Release */ = {
			isa = XCBuildConfiguration;
			buildSettings = {
				ASSETCATALOG_COMPILER_APPICON_NAME = AppIcon;
				INFOPLIST_FILE = PassingDataWithDelegates/Info.plist;
				LD_RUNPATH_SEARCH_PATHS = "$(inherited) @executable_path/Frameworks";
				PRODUCT_BUNDLE_IDENTIFIER = SN.PassingDataWithDelegates;
				PRODUCT_NAME = "$(TARGET_NAME)";
			};
			name = Release;
		};
/* End XCBuildConfiguration section */

/* Begin XCConfigurationList section */
		8A71BFE21D9B0B63000BE200 /* Build configuration list for PBXProject "PassingDataWithDelegates" */ = {
			isa = XCConfigurationList;
			buildConfigurations = (
				8A71BFF71D9B0B63000BE200 /* Debug */,
				8A71BFF81D9B0B63000BE200 /* Release */,
			);
			defaultConfigurationIsVisible = 0;
			defaultConfigurationName = Release;
		};
		8A71BFF91D9B0B63000BE200 /* Build configuration list for PBXNativeTarget "PassingDataWithDelegates" */ = {
			isa = XCConfigurationList;
			buildConfigurations = (
				8A71BFFA1D9B0B63000BE200 /* Debug */,
				8A71BFFB1D9B0B63000BE200 /* Release */,
			);
			defaultConfigurationIsVisible = 0;
			defaultConfigurationName = Release;
		};
/* End XCConfigurationList section */
	};
	rootObject = 8A71BFDF1D9B0B63000BE200 /* Project object */;
}
